
Microsoft Visual Studio Solution File, Format Version 12.00
# Visual Studio Version 17
VisualStudioVersion = 17.3.32922.545
MinimumVisualStudioVersion = 10.0.40219.1
Project("{9A19103F-16F7-4668-BE54-9A1E7A4F7556}") = "Books_Blazor", "Books_Blazor\Books_Blazor.csproj", "{8DBBD7AB-5B99-4E7B-BC1E-7777218B85CF}"
EndProject
Global
	GlobalSection(SolutionConfigurationPlatforms) = preSolution
		Debug|Any CPU = Debug|Any CPU
		Release|Any CPU = Release|Any CPU
	EndGlobalSection
	GlobalSection(ProjectConfigurationPlatforms) = postSolution
		{8DBBD7AB-5B99-4E7B-BC1E-7777218B85CF}.Debug|Any CPU.ActiveCfg = Debug|Any CPU
		{8DBBD7AB-5B99-4E7B-BC1E-7777218B85CF}.Debug|Any CPU.Build.0 = Debug|Any CPU
		{8DBBD7AB-5B99-4E7B-BC1E-7777218B85CF}.Release|Any CPU.ActiveCfg = Release|Any CPU
		{8DBBD7AB-5B99-4E7B-BC1E-7777218B85CF}.Release|Any CPU.Build.0 = Release|Any CPU
	EndGlobalSection
	GlobalSection(SolutionProperties) = preSolution
		HideSolutionNode = FALSE
	EndGlobalSection
	GlobalSection(ExtensibilityGlobals) = postSolution
		SolutionGuid = {D5DD6222-ADE8-4648-8D32-DDE7DF0DC60E}
	EndGlobalSection
EndGlobal
